
Microsoft Visual Studio Solution File, Format Version 12.00
# Visual Studio Version 17
VisualStudioVersion = 17.1.32210.238
MinimumVisualStudioVersion = 10.0.40219.1
Project("{9A19103F-16F7-4668-BE54-9A1E7A4F7556}") = "APIGeteway", "APIGeteway\APIGeteway.csproj", "{C8E7C3FD-7FF8-4E55-A1AA-A3DF8CB7E65A}"
EndProject
Project("{2150E333-8FDC-42A3-9474-1A3956D46DE8}") = "Services", "Services", "{C17B46C6-D7CD-4A79-8B5C-7A8FBE41381C}"
EndProject
Project("{9A19103F-16F7-4668-BE54-9A1E7A4F7556}") = "Contact.API", "Services\ContactAPI\Contact.API\Contact.API.csproj", "{A552BBA8-4215-4710-9D03-13E8B016A87E}"
EndProject
Project("{9A19103F-16F7-4668-BE54-9A1E7A4F7556}") = "Reservation.API", "Services\ResAPI\Reservation.API\Reservation.API.csproj", "{59EA9AFE-1F48-4291-8991-937B01B81FF7}"
EndProject
Project("{2150E333-8FDC-42A3-9474-1A3956D46DE8}") = "ContactAPI", "ContactAPI", "{9A1EFDA3-DCAA-4E69-8FCB-2BBB17FAA785}"
EndProject
Project("{2150E333-8FDC-42A3-9474-1A3956D46DE8}") = "ReservationAPI", "ReservationAPI", "{76157C42-E920-42DF-8C3B-009026D0A08E}"
EndProject
Project("{9A19103F-16F7-4668-BE54-9A1E7A4F7556}") = "Contact.API.Infrastucture", "Services\ContactAPI\Contact.API.Infrastucture\Contact.API.Infrastucture.csproj", "{5BF0DFB9-5307-4086-B883-AB0D1FD9EFA2}"
EndProject
Project("{9A19103F-16F7-4668-BE54-9A1E7A4F7556}") = "Contact.API.Models", "Services\ContactAPI\Contact.API.Models\Contact.API.Models.csproj", "{B957CB52-EEDE-4577-82DF-25B90821F94C}"
EndProject
Project("{9A19103F-16F7-4668-BE54-9A1E7A4F7556}") = "Contact.API.Services", "Services\ContactAPI\Contact.API.Services\Contact.API.Services.csproj", "{4FB1E08C-4086-4944-9CC0-D7783463E542}"
EndProject
Project("{FAE04EC0-301F-11D3-BF4B-00C04F79EFBC}") = "Reservation.API.Infrastructure", "Services\ResAPI\Reservation.API.Infrastructure\Reservation.API.Infrastructure.csproj", "{5578B48E-632E-481C-AD98-D50549B4B4CD}"
EndProject
Project("{FAE04EC0-301F-11D3-BF4B-00C04F79EFBC}") = "Reservation.API.Services", "Services\ResAPI\Reservation.API.Services\Reservation.API.Services.csproj", "{27E5DEC5-31BE-4579-9F5C-BF78F5C407DE}"
EndProject
Project("{FAE04EC0-301F-11D3-BF4B-00C04F79EFBC}") = "Reservation.API.Models", "Services\ResAPI\Reservation.API.Models\Reservation.API.Models.csproj", "{AD457463-7C33-482E-AD1D-F2D971FB14D0}"
EndProject
Global
	GlobalSection(SolutionConfigurationPlatforms) = preSolution
		Debug|Any CPU = Debug|Any CPU
		Release|Any CPU = Release|Any CPU
	EndGlobalSection
	GlobalSection(ProjectConfigurationPlatforms) = postSolution
		{C8E7C3FD-7FF8-4E55-A1AA-A3DF8CB7E65A}.Debug|Any CPU.ActiveCfg = Debug|Any CPU
		{C8E7C3FD-7FF8-4E55-A1AA-A3DF8CB7E65A}.Debug|Any CPU.Build.0 = Debug|Any CPU
		{C8E7C3FD-7FF8-4E55-A1AA-A3DF8CB7E65A}.Release|Any CPU.ActiveCfg = Release|Any CPU
		{C8E7C3FD-7FF8-4E55-A1AA-A3DF8CB7E65A}.Release|Any CPU.Build.0 = Release|Any CPU
		{A552BBA8-4215-4710-9D03-13E8B016A87E}.Debug|Any CPU.ActiveCfg = Debug|Any CPU
		{A552BBA8-4215-4710-9D03-13E8B016A87E}.Debug|Any CPU.Build.0 = Debug|Any CPU
		{A552BBA8-4215-4710-9D03-13E8B016A87E}.Release|Any CPU.ActiveCfg = Release|Any CPU
		{A552BBA8-4215-4710-9D03-13E8B016A87E}.Release|Any CPU.Build.0 = Release|Any CPU
		{59EA9AFE-1F48-4291-8991-937B01B81FF7}.Debug|Any CPU.ActiveCfg = Debug|Any CPU
		{59EA9AFE-1F48-4291-8991-937B01B81FF7}.Debug|Any CPU.Build.0 = Debug|Any CPU
		{59EA9AFE-1F48-4291-8991-937B01B81FF7}.Release|Any CPU.ActiveCfg = Release|Any CPU
		{59EA9AFE-1F48-4291-8991-937B01B81FF7}.Release|Any CPU.Build.0 = Release|Any CPU
		{5BF0DFB9-5307-4086-B883-AB0D1FD9EFA2}.Debug|Any CPU.ActiveCfg = Debug|Any CPU
		{5BF0DFB9-5307-4086-B883-AB0D1FD9EFA2}.Debug|Any CPU.Build.0 = Debug|Any CPU
		{5BF0DFB9-5307-4086-B883-AB0D1FD9EFA2}.Release|Any CPU.ActiveCfg = Release|Any CPU
		{5BF0DFB9-5307-4086-B883-AB0D1FD9EFA2}.Release|Any CPU.Build.0 = Release|Any CPU
		{B957CB52-EEDE-4577-82DF-25B90821F94C}.Debug|Any CPU.ActiveCfg = Debug|Any CPU
		{B957CB52-EEDE-4577-82DF-25B90821F94C}.Debug|Any CPU.Build.0 = Debug|Any CPU
		{B957CB52-EEDE-4577-82DF-25B90821F94C}.Release|Any CPU.ActiveCfg = Release|Any CPU
		{B957CB52-EEDE-4577-82DF-25B90821F94C}.Release|Any CPU.Build.0 = Release|Any CPU
		{4FB1E08C-4086-4944-9CC0-D7783463E542}.Debug|Any CPU.ActiveCfg = Debug|Any CPU
		{4FB1E08C-4086-4944-9CC0-D7783463E542}.Debug|Any CPU.Build.0 = Debug|Any CPU
		{4FB1E08C-4086-4944-9CC0-D7783463E542}.Release|Any CPU.ActiveCfg = Release|Any CPU
		{4FB1E08C-4086-4944-9CC0-D7783463E542}.Release|Any CPU.Build.0 = Release|Any CPU
		{5578B48E-632E-481C-AD98-D50549B4B4CD}.Debug|Any CPU.ActiveCfg = Debug|Any CPU
		{5578B48E-632E-481C-AD98-D50549B4B4CD}.Debug|Any CPU.Build.0 = Debug|Any CPU
		{5578B48E-632E-481C-AD98-D50549B4B4CD}.Release|Any CPU.ActiveCfg = Release|Any CPU
		{5578B48E-632E-481C-AD98-D50549B4B4CD}.Release|Any CPU.Build.0 = Release|Any CPU
		{27E5DEC5-31BE-4579-9F5C-BF78F5C407DE}.Debug|Any CPU.ActiveCfg = Debug|Any CPU
		{27E5DEC5-31BE-4579-9F5C-BF78F5C407DE}.Debug|Any CPU.Build.0 = Debug|Any CPU
		{27E5DEC5-31BE-4579-9F5C-BF78F5C407DE}.Release|Any CPU.ActiveCfg = Release|Any CPU
		{27E5DEC5-31BE-4579-9F5C-BF78F5C407DE}.Release|Any CPU.Build.0 = Release|Any CPU
		{AD457463-7C33-482E-AD1D-F2D971FB14D0}.Debug|Any CPU.ActiveCfg = Debug|Any CPU
		{AD457463-7C33-482E-AD1D-F2D971FB14D0}.Debug|Any CPU.Build.0 = Debug|Any CPU
		{AD457463-7C33-482E-AD1D-F2D971FB14D0}.Release|Any CPU.ActiveCfg = Release|Any CPU
		{AD457463-7C33-482E-AD1D-F2D971FB14D0}.Release|Any CPU.Build.0 = Release|Any CPU
	EndGlobalSection
	GlobalSection(SolutionProperties) = preSolution
		HideSolutionNode = FALSE
	EndGlobalSection
	GlobalSection(NestedProjects) = preSolution
		{A552BBA8-4215-4710-9D03-13E8B016A87E} = {9A1EFDA3-DCAA-4E69-8FCB-2BBB17FAA785}
		{59EA9AFE-1F48-4291-8991-937B01B81FF7} = {76157C42-E920-42DF-8C3B-009026D0A08E}
		{9A1EFDA3-DCAA-4E69-8FCB-2BBB17FAA785} = {C17B46C6-D7CD-4A79-8B5C-7A8FBE41381C}
		{76157C42-E920-42DF-8C3B-009026D0A08E} = {C17B46C6-D7CD-4A79-8B5C-7A8FBE41381C}
		{5BF0DFB9-5307-4086-B883-AB0D1FD9EFA2} = {9A1EFDA3-DCAA-4E69-8FCB-2BBB17FAA785}
		{B957CB52-EEDE-4577-82DF-25B90821F94C} = {9A1EFDA3-DCAA-4E69-8FCB-2BBB17FAA785}
		{4FB1E08C-4086-4944-9CC0-D7783463E542} = {9A1EFDA3-DCAA-4E69-8FCB-2BBB17FAA785}
		{5578B48E-632E-481C-AD98-D50549B4B4CD} = {76157C42-E920-42DF-8C3B-009026D0A08E}
		{27E5DEC5-31BE-4579-9F5C-BF78F5C407DE} = {76157C42-E920-42DF-8C3B-009026D0A08E}
		{AD457463-7C33-482E-AD1D-F2D971FB14D0} = {76157C42-E920-42DF-8C3B-009026D0A08E}
	EndGlobalSection
	GlobalSection(ExtensibilityGlobals) = postSolution
		SolutionGuid = {E44B84AD-9775-44DC-AF0D-4B8339D94C9F}
	EndGlobalSection
EndGlobal
